
Microsoft Visual Studio Solution File, Format Version 12.00
# Visual Studio Version 17
VisualStudioVersion = 17.7.34031.279
MinimumVisualStudioVersion = 10.0.40219.1
Project("{FAE04EC0-301F-11D3-BF4B-00C04F79EFBC}") = "random password exercise", "random password exercise\random password exercise.csproj", "{F59F4AED-A4FC-4DAA-AF82-0D2E7230686E}"
EndProject
Global
	GlobalSection(SolutionConfigurationPlatforms) = preSolution
		Debug|Any CPU = Debug|Any CPU
		Release|Any CPU = Release|Any CPU
	EndGlobalSection
	GlobalSection(ProjectConfigurationPlatforms) = postSolution
		{F59F4AED-A4FC-4DAA-AF82-0D2E7230686E}.Debug|Any CPU.ActiveCfg = Debug|Any CPU
		{F59F4AED-A4FC-4DAA-AF82-0D2E7230686E}.Debug|Any CPU.Build.0 = Debug|Any CPU
		{F59F4AED-A4FC-4DAA-AF82-0D2E7230686E}.Release|Any CPU.ActiveCfg = Release|Any CPU
		{F59F4AED-A4FC-4DAA-AF82-0D2E7230686E}.Release|Any CPU.Build.0 = Release|Any CPU
	EndGlobalSection
	GlobalSection(SolutionProperties) = preSolution
		HideSolutionNode = FALSE
	EndGlobalSection
	GlobalSection(ExtensibilityGlobals) = postSolution
		SolutionGuid = {3E9A9285-8CD9-4C87-A997-51BA85A40C36}
	EndGlobalSection
EndGlobal
